
Microsoft Visual Studio Solution File, Format Version 12.00
# Visual Studio Version 17
VisualStudioVersion = 17.0.31903.59
MinimumVisualStudioVersion = 10.0.40219.1
Project("{FAE04EC0-301F-11D3-BF4B-00C04F79EFBC}") = "OrderService", "OrderService\OrderService.csproj", "{B47AF126-2B7A-4FFC-AFC6-B2B88803239D}"
EndProject
Project("{FAE04EC0-301F-11D3-BF4B-00C04F79EFBC}") = "InventoryService", "InventoryService\InventoryService.csproj", "{29B0B342-4843-4255-A316-93F4CA707D98}"
EndProject
Project("{FAE04EC0-301F-11D3-BF4B-00C04F79EFBC}") = "Shared", "Shared\Shared.csproj", "{60FB14C3-9AA0-4F7A-BE8C-9D2C5C6682ED}"
EndProject
Global
	GlobalSection(SolutionConfigurationPlatforms) = preSolution
		Debug|Any CPU = Debug|Any CPU
		Debug|x64 = Debug|x64
		Debug|x86 = Debug|x86
		Release|Any CPU = Release|Any CPU
		Release|x64 = Release|x64
		Release|x86 = Release|x86
	EndGlobalSection
	GlobalSection(ProjectConfigurationPlatforms) = postSolution
		{B47AF126-2B7A-4FFC-AFC6-B2B88803239D}.Debug|Any CPU.ActiveCfg = Debug|Any CPU
		{B47AF126-2B7A-4FFC-AFC6-B2B88803239D}.Debug|Any CPU.Build.0 = Debug|Any CPU
		{B47AF126-2B7A-4FFC-AFC6-B2B88803239D}.Debug|x64.ActiveCfg = Debug|Any CPU
		{B47AF126-2B7A-4FFC-AFC6-B2B88803239D}.Debug|x64.Build.0 = Debug|Any CPU
		{B47AF126-2B7A-4FFC-AFC6-B2B88803239D}.Debug|x86.ActiveCfg = Debug|Any CPU
		{B47AF126-2B7A-4FFC-AFC6-B2B88803239D}.Debug|x86.Build.0 = Debug|Any CPU
		{B47AF126-2B7A-4FFC-AFC6-B2B88803239D}.Release|Any CPU.ActiveCfg = Release|Any CPU
		{B47AF126-2B7A-4FFC-AFC6-B2B88803239D}.Release|Any CPU.Build.0 = Release|Any CPU
		{B47AF126-2B7A-4FFC-AFC6-B2B88803239D}.Release|x64.ActiveCfg = Release|Any CPU
		{B47AF126-2B7A-4FFC-AFC6-B2B88803239D}.Release|x64.Build.0 = Release|Any CPU
		{B47AF126-2B7A-4FFC-AFC6-B2B88803239D}.Release|x86.ActiveCfg = Release|Any CPU
		{B47AF126-2B7A-4FFC-AFC6-B2B88803239D}.Release|x86.Build.0 = Release|Any CPU
		{29B0B342-4843-4255-A316-93F4CA707D98}.Debug|Any CPU.ActiveCfg = Debug|Any CPU
		{29B0B342-4843-4255-A316-93F4CA707D98}.Debug|Any CPU.Build.0 = Debug|Any CPU
		{29B0B342-4843-4255-A316-93F4CA707D98}.Debug|x64.ActiveCfg = Debug|Any CPU
		{29B0B342-4843-4255-A316-93F4CA707D98}.Debug|x64.Build.0 = Debug|Any CPU
		{29B0B342-4843-4255-A316-93F4CA707D98}.Debug|x86.ActiveCfg = Debug|Any CPU
		{29B0B342-4843-4255-A316-93F4CA707D98}.Debug|x86.Build.0 = Debug|Any CPU
		{29B0B342-4843-4255-A316-93F4CA707D98}.Release|Any CPU.ActiveCfg = Release|Any CPU
		{29B0B342-4843-4255-A316-93F4CA707D98}.Release|Any CPU.Build.0 = Release|Any CPU
		{29B0B342-4843-4255-A316-93F4CA707D98}.Release|x64.ActiveCfg = Release|Any CPU
		{29B0B342-4843-4255-A316-93F4CA707D98}.Release|x64.Build.0 = Release|Any CPU
		{29B0B342-4843-4255-A316-93F4CA707D98}.Release|x86.ActiveCfg = Release|Any CPU
		{29B0B342-4843-4255-A316-93F4CA707D98}.Release|x86.Build.0 = Release|Any CPU
		{60FB14C3-9AA0-4F7A-BE8C-9D2C5C6682ED}.Debug|Any CPU.ActiveCfg = Debug|Any CPU
		{60FB14C3-9AA0-4F7A-BE8C-9D2C5C6682ED}.Debug|Any CPU.Build.0 = Debug|Any CPU
		{60FB14C3-9AA0-4F7A-BE8C-9D2C5C6682ED}.Debug|x64.ActiveCfg = Debug|Any CPU
		{60FB14C3-9AA0-4F7A-BE8C-9D2C5C6682ED}.Debug|x64.Build.0 = Debug|Any CPU
		{60FB14C3-9AA0-4F7A-BE8C-9D2C5C6682ED}.Debug|x86.ActiveCfg = Debug|Any CPU
		{60FB14C3-9AA0-4F7A-BE8C-9D2C5C6682ED}.Debug|x86.Build.0 = Debug|Any CPU
		{60FB14C3-9AA0-4F7A-BE8C-9D2C5C6682ED}.Release|Any CPU.ActiveCfg = Release|Any CPU
		{60FB14C3-9AA0-4F7A-BE8C-9D2C5C6682ED}.Release|Any CPU.Build.0 = Release|Any CPU
		{60FB14C3-9AA0-4F7A-BE8C-9D2C5C6682ED}.Release|x64.ActiveCfg = Release|Any CPU
		{60FB14C3-9AA0-4F7A-BE8C-9D2C5C6682ED}.Release|x64.Build.0 = Release|Any CPU
		{60FB14C3-9AA0-4F7A-BE8C-9D2C5C6682ED}.Release|x86.ActiveCfg = Release|Any CPU
		{60FB14C3-9AA0-4F7A-BE8C-9D2C5C6682ED}.Release|x86.Build.0 = Release|Any CPU
	EndGlobalSection
	GlobalSection(SolutionProperties) = preSolution
		HideSolutionNode = FALSE
	EndGlobalSection
EndGlobal
