
Microsoft Visual Studio Solution File, Format Version 12.00
# Visual Studio Version 17
VisualStudioVersion = 17.0.31903.59
MinimumVisualStudioVersion = 10.0.40219.1
Project("{2150E333-8FDC-42A3-9474-1A3956D46DE8}") = "InventoryService", "InventoryService", "{B5DD8AD2-A828-4DE2-9034-6D4DAD0C60AE}"
EndProject
Project("{2150E333-8FDC-42A3-9474-1A3956D46DE8}") = "OrderService", "OrderService", "{F5BB22C5-F737-479A-B50F-0DA051D51D61}"
EndProject
Project("{2150E333-8FDC-42A3-9474-1A3956D46DE8}") = "Shared", "Shared", "{C1BEE730-2621-4D8D-8FDA-C4804142A98F}"
EndProject
Project("{FAE04EC0-301F-11D3-BF4B-00C04F79EFBC}") = "InventoryService.Application", "src\InventoryService\InventoryService.Application\InventoryService.Application.csproj", "{60AA1C18-477B-516D-FFED-ACDE2AE47512}"
EndProject
Project("{FAE04EC0-301F-11D3-BF4B-00C04F79EFBC}") = "InventoryService.Domain", "src\InventoryService\InventoryService.Domain\InventoryService.Domain.csproj", "{51787725-0471-CD2F-A593-1377763201E9}"
EndProject
Project("{FAE04EC0-301F-11D3-BF4B-00C04F79EFBC}") = "InventoryService.Infrastructure", "src\InventoryService\InventoryService.Infrastructure\InventoryService.Infrastructure.csproj", "{D52DF898-A6A4-F120-C15F-ACD6774D28CC}"
EndProject
Project("{FAE04EC0-301F-11D3-BF4B-00C04F79EFBC}") = "OrderService.Application", "src\OrderService\OrderService.Application\OrderService.Application.csproj", "{D30910F4-5EC0-5917-19E0-D613F156FF9F}"
EndProject
Project("{FAE04EC0-301F-11D3-BF4B-00C04F79EFBC}") = "InventoryService", "src\InventoryService\InventoryService\InventoryService.csproj", "{6B94ECB9-62C4-8379-7021-E6515E2B5F85}"
EndProject
Project("{FAE04EC0-301F-11D3-BF4B-00C04F79EFBC}") = "OrderService", "src\OrderService\OrderService\OrderService.csproj", "{09A55272-721C-76DA-BD86-21A70214E63B}"
EndProject
Project("{FAE04EC0-301F-11D3-BF4B-00C04F79EFBC}") = "OrderService.Domain", "src\OrderService\OrderService.Domain\OrderService.Domain.csproj", "{DB5AB8B7-B423-D01D-E153-7B243C58A8FF}"
EndProject
Project("{FAE04EC0-301F-11D3-BF4B-00C04F79EFBC}") = "OrderService.Infrastructure", "src\OrderService\OrderService.Infrastructure\OrderService.Infrastructure.csproj", "{8839DEC1-4F84-90AE-99E5-8BF253AC8297}"
EndProject
Project("{FAE04EC0-301F-11D3-BF4B-00C04F79EFBC}") = "Shared.Domain", "src\Shared\Shared.Domain\Shared.Domain.csproj", "{5FE69F6E-48BB-F08A-C703-C69052F88036}"
EndProject
Project("{FAE04EC0-301F-11D3-BF4B-00C04F79EFBC}") = "Shared.Infrastructure", "src\Shared\Shared.Infrastructure\Shared.Infrastructure.csproj", "{BD5BD7A0-B8E3-CBD1-2F97-8AA0383C6188}"
EndProject
Global
	GlobalSection(SolutionConfigurationPlatforms) = preSolution
		Debug|Any CPU = Debug|Any CPU
		Release|Any CPU = Release|Any CPU
	EndGlobalSection
	GlobalSection(ProjectConfigurationPlatforms) = postSolution
		{60AA1C18-477B-516D-FFED-ACDE2AE47512}.Debug|Any CPU.ActiveCfg = Debug|Any CPU
		{60AA1C18-477B-516D-FFED-ACDE2AE47512}.Debug|Any CPU.Build.0 = Debug|Any CPU
		{60AA1C18-477B-516D-FFED-ACDE2AE47512}.Release|Any CPU.ActiveCfg = Release|Any CPU
		{60AA1C18-477B-516D-FFED-ACDE2AE47512}.Release|Any CPU.Build.0 = Release|Any CPU
		{51787725-0471-CD2F-A593-1377763201E9}.Debug|Any CPU.ActiveCfg = Debug|Any CPU
		{51787725-0471-CD2F-A593-1377763201E9}.Debug|Any CPU.Build.0 = Debug|Any CPU
		{51787725-0471-CD2F-A593-1377763201E9}.Release|Any CPU.ActiveCfg = Release|Any CPU
		{51787725-0471-CD2F-A593-1377763201E9}.Release|Any CPU.Build.0 = Release|Any CPU
		{D52DF898-A6A4-F120-C15F-ACD6774D28CC}.Debug|Any CPU.ActiveCfg = Debug|Any CPU
		{D52DF898-A6A4-F120-C15F-ACD6774D28CC}.Debug|Any CPU.Build.0 = Debug|Any CPU
		{D52DF898-A6A4-F120-C15F-ACD6774D28CC}.Release|Any CPU.ActiveCfg = Release|Any CPU
		{D52DF898-A6A4-F120-C15F-ACD6774D28CC}.Release|Any CPU.Build.0 = Release|Any CPU
		{D30910F4-5EC0-5917-19E0-D613F156FF9F}.Debug|Any CPU.ActiveCfg = Debug|Any CPU
		{D30910F4-5EC0-5917-19E0-D613F156FF9F}.Debug|Any CPU.Build.0 = Debug|Any CPU
		{D30910F4-5EC0-5917-19E0-D613F156FF9F}.Release|Any CPU.ActiveCfg = Release|Any CPU
		{D30910F4-5EC0-5917-19E0-D613F156FF9F}.Release|Any CPU.Build.0 = Release|Any CPU
		{6B94ECB9-62C4-8379-7021-E6515E2B5F85}.Debug|Any CPU.ActiveCfg = Debug|Any CPU
		{6B94ECB9-62C4-8379-7021-E6515E2B5F85}.Debug|Any CPU.Build.0 = Debug|Any CPU
		{6B94ECB9-62C4-8379-7021-E6515E2B5F85}.Release|Any CPU.ActiveCfg = Release|Any CPU
		{6B94ECB9-62C4-8379-7021-E6515E2B5F85}.Release|Any CPU.Build.0 = Release|Any CPU
		{09A55272-721C-76DA-BD86-21A70214E63B}.Debug|Any CPU.ActiveCfg = Debug|Any CPU
		{09A55272-721C-76DA-BD86-21A70214E63B}.Debug|Any CPU.Build.0 = Debug|Any CPU
		{09A55272-721C-76DA-BD86-21A70214E63B}.Release|Any CPU.ActiveCfg = Release|Any CPU
		{09A55272-721C-76DA-BD86-21A70214E63B}.Release|Any CPU.Build.0 = Release|Any CPU
		{DB5AB8B7-B423-D01D-E153-7B243C58A8FF}.Debug|Any CPU.ActiveCfg = Debug|Any CPU
		{DB5AB8B7-B423-D01D-E153-7B243C58A8FF}.Debug|Any CPU.Build.0 = Debug|Any CPU
		{DB5AB8B7-B423-D01D-E153-7B243C58A8FF}.Release|Any CPU.ActiveCfg = Release|Any CPU
		{DB5AB8B7-B423-D01D-E153-7B243C58A8FF}.Release|Any CPU.Build.0 = Release|Any CPU
		{8839DEC1-4F84-90AE-99E5-8BF253AC8297}.Debug|Any CPU.ActiveCfg = Debug|Any CPU
		{8839DEC1-4F84-90AE-99E5-8BF253AC8297}.Debug|Any CPU.Build.0 = Debug|Any CPU
		{8839DEC1-4F84-90AE-99E5-8BF253AC8297}.Release|Any CPU.ActiveCfg = Release|Any CPU
		{8839DEC1-4F84-90AE-99E5-8BF253AC8297}.Release|Any CPU.Build.0 = Release|Any CPU
		{5FE69F6E-48BB-F08A-C703-C69052F88036}.Debug|Any CPU.ActiveCfg = Debug|Any CPU
		{5FE69F6E-48BB-F08A-C703-C69052F88036}.Debug|Any CPU.Build.0 = Debug|Any CPU
		{5FE69F6E-48BB-F08A-C703-C69052F88036}.Release|Any CPU.ActiveCfg = Release|Any CPU
		{5FE69F6E-48BB-F08A-C703-C69052F88036}.Release|Any CPU.Build.0 = Release|Any CPU
		{BD5BD7A0-B8E3-CBD1-2F97-8AA0383C6188}.Debug|Any CPU.ActiveCfg = Debug|Any CPU
		{BD5BD7A0-B8E3-CBD1-2F97-8AA0383C6188}.Debug|Any CPU.Build.0 = Debug|Any CPU
		{BD5BD7A0-B8E3-CBD1-2F97-8AA0383C6188}.Release|Any CPU.ActiveCfg = Release|Any CPU
		{BD5BD7A0-B8E3-CBD1-2F97-8AA0383C6188}.Release|Any CPU.Build.0 = Release|Any CPU
	EndGlobalSection
	GlobalSection(SolutionProperties) = preSolution
		HideSolutionNode = FALSE
	EndGlobalSection
	GlobalSection(NestedProjects) = preSolution
		{60AA1C18-477B-516D-FFED-ACDE2AE47512} = {B5DD8AD2-A828-4DE2-9034-6D4DAD0C60AE}
		{51787725-0471-CD2F-A593-1377763201E9} = {B5DD8AD2-A828-4DE2-9034-6D4DAD0C60AE}
		{D52DF898-A6A4-F120-C15F-ACD6774D28CC} = {B5DD8AD2-A828-4DE2-9034-6D4DAD0C60AE}
		{D30910F4-5EC0-5917-19E0-D613F156FF9F} = {F5BB22C5-F737-479A-B50F-0DA051D51D61}
		{6B94ECB9-62C4-8379-7021-E6515E2B5F85} = {B5DD8AD2-A828-4DE2-9034-6D4DAD0C60AE}
		{09A55272-721C-76DA-BD86-21A70214E63B} = {F5BB22C5-F737-479A-B50F-0DA051D51D61}
		{DB5AB8B7-B423-D01D-E153-7B243C58A8FF} = {F5BB22C5-F737-479A-B50F-0DA051D51D61}
		{8839DEC1-4F84-90AE-99E5-8BF253AC8297} = {F5BB22C5-F737-479A-B50F-0DA051D51D61}
		{5FE69F6E-48BB-F08A-C703-C69052F88036} = {C1BEE730-2621-4D8D-8FDA-C4804142A98F}
		{BD5BD7A0-B8E3-CBD1-2F97-8AA0383C6188} = {C1BEE730-2621-4D8D-8FDA-C4804142A98F}
	EndGlobalSection
	GlobalSection(ExtensibilityGlobals) = postSolution
		SolutionGuid = {1C755D2D-94C1-4E1F-B961-640889B48B34}
	EndGlobalSection
EndGlobal
